// !$*UTF8*$!
{
	archiveVersion = 1;
	classes = {
	};
	objectVersion = 48;
	objects = {

/* Begin PBXBuildFile section */
		9417AF9A1FACC9F800BF4667 /* AppDelegate.swift in Sources */ = {isa = PBXBuildFile; fileRef = 9417AF991FACC9F800BF4667 /* AppDelegate.swift */; };
		9417AF9C1FACC9F800BF4667 /* MainVC.swift in Sources */ = {isa = PBXBuildFile; fileRef = 9417AF9B1FACC9F800BF4667 /* MainVC.swift */; };
		9417AF9F1FACC9F800BF4667 /* Main.storyboard in Resources */ = {isa = PBXBuildFile; fileRef = 9417AF9D1FACC9F800BF4667 /* Main.storyboard */; };
		9417AFA11FACC9F800BF4667 /* Assets.xcassets in Resources */ = {isa = PBXBuildFile; fileRef = 9417AFA01FACC9F800BF4667 /* Assets.xcassets */; };
		9417AFA41FACC9F800BF4667 /* LaunchScreen.storyboard in Resources */ = {isa = PBXBuildFile; fileRef = 9417AFA21FACC9F800BF4667 /* LaunchScreen.storyboard */; };
		9444E4BF1FACCD8E004F539E /* CurrencyTxtField.swift in Sources */ = {isa = PBXBuildFile; fileRef = 9444E4BE1FACCD8E004F539E /* CurrencyTxtField.swift */; };
		9444E4C71FACE94B004F539E /* window_shopperTests.swift in Sources */ = {isa = PBXBuildFile; fileRef = 9444E4C61FACE94B004F539E /* window_shopperTests.swift */; };
		9444E4D01FACE970004F539E /* Wage.swift in Sources */ = {isa = PBXBuildFile; fileRef = 9444E4CF1FACE970004F539E /* Wage.swift */; };
		9444E4D11FACEAC4004F539E /* Wage.swift in Sources */ = {isa = PBXBuildFile; fileRef = 9444E4CF1FACE970004F539E /* Wage.swift */; };
/* End PBXBuildFile section */

/* Begin PBXContainerItemProxy section */
		9444E4C91FACE94B004F539E /* PBXContainerItemProxy */ = {
			isa = PBXContainerItemProxy;
			containerPortal = 9417AF8E1FACC9F800BF4667 /* Project object */;
			proxyType = 1;
			remoteGlobalIDString = 9417AF951FACC9F800BF4667;
			remoteInfo = "window-shopper";
		};
/* End PBXContainerItemProxy section */

/* Begin PBXFileReference section */
		9417AF961FACC9F800BF4667 /* window-shopper.app */ = {isa = PBXFileReference; explicitFileType = wrapper.application; includeInIndex = 0; path = "window-shopper.app"; sourceTree = BUILT_PRODUCTS_DIR; };
		9417AF991FACC9F800BF4667 /* AppDelegate.swift */ = {isa = PBXFileReference; lastKnownFileType = sourcecode.swift; path = AppDelegate.swift; sourceTree = "<group>"; };
		9417AF9B1FACC9F800BF4667 /* MainVC.swift */ = {isa = PBXFileReference; lastKnownFileType = sourcecode.swift; path = MainVC.swift; sourceTree = "<group>"; };
		9417AF9E1FACC9F800BF4667 /* Base */ = {isa = PBXFileReference; lastKnownFileType = file.storyboard; name = Base; path = Base.lproj/Main.storyboard; sourceTree = "<group>"; };
		9417AFA01FACC9F800BF4667 /* Assets.xcassets */ = {isa = PBXFileReference; lastKnownFileType = folder.assetcatalog; path = Assets.xcassets; sourceTree = "<group>"; };
		9417AFA31FACC9F800BF4667 /* Base */ = {isa = PBXFileReference; lastKnownFileType = file.storyboard; name = Base; path = Base.lproj/LaunchScreen.storyboard; sourceTree = "<group>"; };
		9417AFA51FACC9F800BF4667 /* Info.plist */ = {isa = PBXFileReference; lastKnownFileType = text.plist.xml; path = Info.plist; sourceTree = "<group>"; };
		9444E4BE1FACCD8E004F539E /* CurrencyTxtField.swift */ = {isa = PBXFileReference; lastKnownFileType = sourcecode.swift; path = CurrencyTxtField.swift; sourceTree = "<group>"; };
		9444E4C41FACE94A004F539E /* window-shopperTests.xctest */ = {isa = PBXFileReference; explicitFileType = wrapper.cfbundle; includeInIndex = 0; path = "window-shopperTests.xctest"; sourceTree = BUILT_PRODUCTS_DIR; };
		9444E4C61FACE94B004F539E /* window_shopperTests.swift */ = {isa = PBXFileReference; lastKnownFileType = sourcecode.swift; path = window_shopperTests.swift; sourceTree = "<group>"; };
		9444E4C81FACE94B004F539E /* Info.plist */ = {isa = PBXFileReference; lastKnownFileType = text.plist.xml; path = Info.plist; sourceTree = "<group>"; };
		9444E4CF1FACE970004F539E /* Wage.swift */ = {isa = PBXFileReference; lastKnownFileType = sourcecode.swift; path = Wage.swift; sourceTree = "<group>"; };
/* End PBXFileReference section */

/* Begin PBXFrameworksBuildPhase section */
		9417AF931FACC9F800BF4667 /* Frameworks */ = {
			isa = PBXFrameworksBuildPhase;
			buildActionMask = 2147483647;
			files = (
			);
			runOnlyForDeploymentPostprocessing = 0;
		};
		9444E4C11FACE94A004F539E /* Frameworks */ = {
			isa = PBXFrameworksBuildPhase;
			buildActionMask = 2147483647;
			files = (
			);
			runOnlyForDeploymentPostprocessing = 0;
		};
/* End PBXFrameworksBuildPhase section */

/* Begin PBXGroup section */
		9417AF8D1FACC9F800BF4667 = {
			isa = PBXGroup;
			children = (
				9417AF981FACC9F800BF4667 /* window-shopper */,
				9444E4C51FACE94B004F539E /* window-shopperTests */,
				9417AF971FACC9F800BF4667 /* Products */,
			);
			sourceTree = "<group>";
		};
		9417AF971FACC9F800BF4667 /* Products */ = {
			isa = PBXGroup;
			children = (
				9417AF961FACC9F800BF4667 /* window-shopper.app */,
				9444E4C41FACE94A004F539E /* window-shopperTests.xctest */,
			);
			name = Products;
			sourceTree = "<group>";
		};
		9417AF981FACC9F800BF4667 /* window-shopper */ = {
			isa = PBXGroup;
			children = (
				9444E4CE1FACE95C004F539E /* Model */,
				9444E4BD1FACCD49004F539E /* Views */,
				9417AFAB1FACCB8F00BF4667 /* Controller */,
				9417AF991FACC9F800BF4667 /* AppDelegate.swift */,
				9417AF9D1FACC9F800BF4667 /* Main.storyboard */,
				9417AFA01FACC9F800BF4667 /* Assets.xcassets */,
				9417AFA21FACC9F800BF4667 /* LaunchScreen.storyboard */,
				9417AFA51FACC9F800BF4667 /* Info.plist */,
			);
			path = "window-shopper";
			sourceTree = "<group>";
		};
		9417AFAB1FACCB8F00BF4667 /* Controller */ = {
			isa = PBXGroup;
			children = (
				9417AF9B1FACC9F800BF4667 /* MainVC.swift */,
			);
			path = Controller;
			sourceTree = "<group>";
		};
		9444E4BD1FACCD49004F539E /* Views */ = {
			isa = PBXGroup;
			children = (
				9444E4BE1FACCD8E004F539E /* CurrencyTxtField.swift */,
			);
			path = Views;
			sourceTree = "<group>";
		};
		9444E4C51FACE94B004F539E /* window-shopperTests */ = {
			isa = PBXGroup;
			children = (
				9444E4C61FACE94B004F539E /* window_shopperTests.swift */,
				9444E4C81FACE94B004F539E /* Info.plist */,
			);
			path = "window-shopperTests";
			sourceTree = "<group>";
		};
		9444E4CE1FACE95C004F539E /* Model */ = {
			isa = PBXGroup;
			children = (
				9444E4CF1FACE970004F539E /* Wage.swift */,
			);
			path = Model;
			sourceTree = "<group>";
		};
/* End PBXGroup section */

/* Begin PBXNativeTarget section */
		9417AF951FACC9F800BF4667 /* window-shopper */ = {
			isa = PBXNativeTarget;
			buildConfigurationList = 9417AFA81FACC9F800BF4667 /* Build configuration list for PBXNativeTarget "window-shopper" */;
			buildPhases = (
				9417AF921FACC9F800BF4667 /* Sources */,
				9417AF931FACC9F800BF4667 /* Frameworks */,
				9417AF941FACC9F800BF4667 /* Resources */,
			);
			buildRules = (
			);
			dependencies = (
			);
			name = "window-shopper";
			productName = "window-shopper";
			productReference = 9417AF961FACC9F800BF4667 /* window-shopper.app */;
			productType = "com.apple.product-type.application";
		};
		9444E4C31FACE94A004F539E /* window-shopperTests */ = {
			isa = PBXNativeTarget;
			buildConfigurationList = 9444E4CB1FACE94B004F539E /* Build configuration list for PBXNativeTarget "window-shopperTests" */;
			buildPhases = (
				9444E4C01FACE94A004F539E /* Sources */,
				9444E4C11FACE94A004F539E /* Frameworks */,
				9444E4C21FACE94A004F539E /* Resources */,
			);
			buildRules = (
			);
			dependencies = (
				9444E4CA1FACE94B004F539E /* PBXTargetDependency */,
			);
			name = "window-shopperTests";
			productName = "window-shopperTests";
			productReference = 9444E4C41FACE94A004F539E /* window-shopperTests.xctest */;
			productType = "com.apple.product-type.bundle.unit-test";
		};
/* End PBXNativeTarget section */

/* Begin PBXProject section */
		9417AF8E1FACC9F800BF4667 /* Project object */ = {
			isa = PBXProject;
			attributes = {
				LastSwiftUpdateCheck = 0900;
				LastUpgradeCheck = 0900;
				ORGANIZATIONNAME = "Ryan McFadden";
				TargetAttributes = {
					9417AF951FACC9F800BF4667 = {
						CreatedOnToolsVersion = 9.0.1;
						ProvisioningStyle = Automatic;
					};
					9444E4C31FACE94A004F539E = {
						CreatedOnToolsVersion = 9.0.1;
						ProvisioningStyle = Automatic;
						TestTargetID = 9417AF951FACC9F800BF4667;
					};
				};
			};
			buildConfigurationList = 9417AF911FACC9F800BF4667 /* Build configuration list for PBXProject "window-shopper" */;
			compatibilityVersion = "Xcode 8.0";
			developmentRegion = en;
			hasScannedForEncodings = 0;
			knownRegions = (
				en,
				Base,
			);
			mainGroup = 9417AF8D1FACC9F800BF4667;
			productRefGroup = 9417AF971FACC9F800BF4667 /* Products */;
			projectDirPath = "";
			projectRoot = "";
			targets = (
				9417AF951FACC9F800BF4667 /* window-shopper */,
				9444E4C31FACE94A004F539E /* window-shopperTests */,
			);
		};
/* End PBXProject section */

/* Begin PBXResourcesBuildPhase section */
		9417AF941FACC9F800BF4667 /* Resources */ = {
			isa = PBXResourcesBuildPhase;
			buildActionMask = 2147483647;
			files = (
				9417AFA41FACC9F800BF4667 /* LaunchScreen.storyboard in Resources */,
				9417AFA11FACC9F800BF4667 /* Assets.xcassets in Resources */,
				9417AF9F1FACC9F800BF4667 /* Main.storyboard in Resources */,
			);
			runOnlyForDeploymentPostprocessing = 0;
		};
		9444E4C21FACE94A004F539E /* Resources */ = {
			isa = PBXResourcesBuildPhase;
			buildActionMask = 2147483647;
			files = (
			);
			runOnlyForDeploymentPostprocessing = 0;
		};
/* End PBXResourcesBuildPhase section */

/* Begin PBXSourcesBuildPhase section */
		9417AF921FACC9F800BF4667 /* Sources */ = {
			isa = PBXSourcesBuildPhase;
			buildActionMask = 2147483647;
			files = (
				9444E4BF1FACCD8E004F539E /* CurrencyTxtField.swift in Sources */,
				9444E4D01FACE970004F539E /* Wage.swift in Sources */,
				9417AF9C1FACC9F800BF4667 /* MainVC.swift in Sources */,
				9417AF9A1FACC9F800BF4667 /* AppDelegate.swift in Sources */,
			);
			runOnlyForDeploymentPostprocessing = 0;
		};
		9444E4C01FACE94A004F539E /* Sources */ = {
			isa = PBXSourcesBuildPhase;
			buildActionMask = 2147483647;
			files = (
				9444E4C71FACE94B004F539E /* window_shopperTests.swift in Sources */,
				9444E4D11FACEAC4004F539E /* Wage.swift in Sources */,
			);
			runOnlyForDeploymentPostprocessing = 0;
		};
/* End PBXSourcesBuildPhase section */

/* Begin PBXTargetDependency section */
		9444E4CA1FACE94B004F539E /* PBXTargetDependency */ = {
			isa = PBXTargetDependency;
			target = 9417AF951FACC9F800BF4667 /* window-shopper */;
			targetProxy = 9444E4C91FACE94B004F539E /* PBXContainerItemProxy */;
		};
/* End PBXTargetDependency section */

/* Begin PBXVariantGroup section */
		9417AF9D1FACC9F800BF4667 /* Main.storyboard */ = {
			isa = PBXVariantGroup;
			children = (
				9417AF9E1FACC9F800BF4667 /* Base */,
			);
			name = Main.storyboard;
			sourceTree = "<group>";
		};
		9417AFA21FACC9F800BF4667 /* LaunchScreen.storyboard */ = {
			isa = PBXVariantGroup;
			children = (
				9417AFA31FACC9F800BF4667 /* Base */,
			);
			name = LaunchScreen.storyboard;
			sourceTree = "<group>";
		};
/* End PBXVariantGroup section */

/* Begin XCBuildConfiguration section */
		9417AFA61FACC9F800BF4667 /* Debug */ = {
			isa = XCBuildConfiguration;
			buildSettings = {
				ALWAYS_SEARCH_USER_PATHS = NO;
				CLANG_ANALYZER_NONNULL = YES;
				CLANG_ANALYZER_NUMBER_OBJECT_CONVERSION = YES_AGGRESSIVE;
				CLANG_CXX_LANGUAGE_STANDARD = "gnu++14";
				CLANG_CXX_LIBRARY = "libc++";
				CLANG_ENABLE_MODULES = YES;
				CLANG_ENABLE_OBJC_ARC = YES;
				CLANG_WARN_BLOCK_CAPTURE_AUTORELEASING = YES;
				CLANG_WARN_BOOL_CONVERSION = YES;
				CLANG_WARN_COMMA = YES;
				CLANG_WARN_CONSTANT_CONVERSION = YES;
				CLANG_WARN_DIRECT_OBJC_ISA_USAGE = YES_ERROR;
				CLANG_WARN_DOCUMENTATION_COMMENTS = YES;
				CLANG_WARN_EMPTY_BODY = YES;
				CLANG_WARN_ENUM_CONVERSION = YES;
				CLANG_WARN_INFINITE_RECURSION = YES;
				CLANG_WARN_INT_CONVERSION = YES;
				CLANG_WARN_NON_LITERAL_NULL_CONVERSION = YES;
				CLANG_WARN_OBJC_LITERAL_CONVERSION = YES;
				CLANG_WARN_OBJC_ROOT_CLASS = YES_ERROR;
				CLANG_WARN_RANGE_LOOP_ANALYSIS = YES;
				CLANG_WARN_STRICT_PROTOTYPES = YES;
				CLANG_WARN_SUSPICIOUS_MOVE = YES;
				CLANG_WARN_UNGUARDED_AVAILABILITY = YES_AGGRESSIVE;
				CLANG_WARN_UNREACHABLE_CODE = YES;
				CLANG_WARN__DUPLICATE_METHOD_MATCH = YES;
				CODE_SIGN_IDENTITY = "iPhone Developer";
				COPY_PHASE_STRIP = NO;
				DEBUG_INFORMATION_FORMAT = dwarf;
				ENABLE_STRICT_OBJC_MSGSEND = YES;
				ENABLE_TESTABILITY = YES;
				GCC_C_LANGUAGE_STANDARD = gnu11;
				GCC_DYNAMIC_NO_PIC = NO;
				GCC_NO_COMMON_BLOCKS = YES;
				GCC_OPTIMIZATION_LEVEL = 0;
				GCC_PREPROCESSOR_DEFINITIONS = (
					"DEBUG=1",
					"$(inherited)",
				);
				GCC_WARN_64_TO_32_BIT_CONVERSION = YES;
				GCC_WARN_ABOUT_RETURN_TYPE = YES_ERROR;
				GCC_WARN_UNDECLARED_SELECTOR = YES;
				GCC_WARN_UNINITIALIZED_AUTOS = YES_AGGRESSIVE;
				GCC_WARN_UNUSED_FUNCTION = YES;
				GCC_WARN_UNUSED_VARIABLE = YES;
				IPHONEOS_DEPLOYMENT_TARGET = 11.0;
				MTL_ENABLE_DEBUG_INFO = YES;
				ONLY_ACTIVE_ARCH = YES;
				SDKROOT = iphoneos;
				SWIFT_ACTIVE_COMPILATION_CONDITIONS = DEBUG;
				SWIFT_OPTIMIZATION_LEVEL = "-Onone";
			};
			name = Debug;
		};
		9417AFA71FACC9F800BF4667 /* Release */ = {
			isa = XCBuildConfiguration;
			buildSettings = {
				ALWAYS_SEARCH_USER_PATHS = NO;
				CLANG_ANALYZER_NONNULL = YES;
				CLANG_ANALYZER_NUMBER_OBJECT_CONVERSION = YES_AGGRESSIVE;
				CLANG_CXX_LANGUAGE_STANDARD = "gnu++14";
				CLANG_CXX_LIBRARY = "libc++";
				CLANG_ENABLE_MODULES = YES;
				CLANG_ENABLE_OBJC_ARC = YES;
				CLANG_WARN_BLOCK_CAPTURE_AUTORELEASING = YES;
				CLANG_WARN_BOOL_CONVERSION = YES;
				CLANG_WARN_COMMA = YES;
				CLANG_WARN_CONSTANT_CONVERSION = YES;
				CLANG_WARN_DIRECT_OBJC_ISA_USAGE = YES_ERROR;
				CLANG_WARN_DOCUMENTATION_COMMENTS = YES;
				CLANG_WARN_EMPTY_BODY = YES;
				CLANG_WARN_ENUM_CONVERSION = YES;
				CLANG_WARN_INFINITE_RECURSION = YES;
				CLANG_WARN_INT_CONVERSION = YES;
				CLANG_WARN_NON_LITERAL_NULL_CONVERSION = YES;
				CLANG_WARN_OBJC_LITERAL_CONVERSION = YES;
				CLANG_WARN_OBJC_ROOT_CLASS = YES_ERROR;
				CLANG_WARN_RANGE_LOOP_ANALYSIS = YES;
				CLANG_WARN_STRICT_PROTOTYPES = YES;
				CLANG_WARN_SUSPICIOUS_MOVE = YES;
				CLANG_WARN_UNGUARDED_AVAILABILITY = YES_AGGRESSIVE;
				CLANG_WARN_UNREACHABLE_CODE = YES;
				CLANG_WARN__DUPLICATE_METHOD_MATCH = YES;
				CODE_SIGN_IDENTITY = "iPhone Developer";
				COPY_PHASE_STRIP = NO;
				DEBUG_INFORMATION_FORMAT = "dwarf-with-dsym";
				ENABLE_NS_ASSERTIONS = NO;
				ENABLE_STRICT_OBJC_MSGSEND = YES;
				GCC_C_LANGUAGE_STANDARD = gnu11;
				GCC_NO_COMMON_BLOCKS = YES;
				GCC_WARN_64_TO_32_BIT_CONVERSION = YES;
				GCC_WARN_ABOUT_RETURN_TYPE = YES_ERROR;
				GCC_WARN_UNDECLARED_SELECTOR = YES;
				GCC_WARN_UNINITIALIZED_AUTOS = YES_AGGRESSIVE;
				GCC_WARN_UNUSED_FUNCTION = YES;
				GCC_WARN_UNUSED_VARIABLE = YES;
				IPHONEOS_DEPLOYMENT_TARGET = 11.0;
				MTL_ENABLE_DEBUG_INFO = NO;
				SDKROOT = iphoneos;
				SWIFT_OPTIMIZATION_LEVEL = "-Owholemodule";
				VALIDATE_PRODUCT = YES;
			};
			name = Release;
		};
		9417AFA91FACC9F800BF4667 /* Debug */ = {
			isa = XCBuildConfiguration;
			buildSettings = {
				ASSETCATALOG_COMPILER_APPICON_NAME = AppIcon;
				CODE_SIGN_STYLE = Automatic;
				DEVELOPMENT_TEAM = DQWGFWD623;
				INFOPLIST_FILE = "window-shopper/Info.plist";
				LD_RUNPATH_SEARCH_PATHS = "$(inherited) @executable_path/Frameworks";
				PRODUCT_BUNDLE_IDENTIFIER = "com.rmApps.window-shopper";
				PRODUCT_NAME = "$(TARGET_NAME)";
				SWIFT_VERSION = 4.0;
				TARGETED_DEVICE_FAMILY = "1,2";
			};
			name = Debug;
		};
		9417AFAA1FACC9F800BF4667 /* Release */ = {
			isa = XCBuildConfiguration;
			buildSettings = {
				ASSETCATALOG_COMPILER_APPICON_NAME = AppIcon;
				CODE_SIGN_STYLE = Automatic;
				DEVELOPMENT_TEAM = DQWGFWD623;
				INFOPLIST_FILE = "window-shopper/Info.plist";
				LD_RUNPATH_SEARCH_PATHS = "$(inherited) @executable_path/Frameworks";
				PRODUCT_BUNDLE_IDENTIFIER = "com.rmApps.window-shopper";
				PRODUCT_NAME = "$(TARGET_NAME)";
				SWIFT_VERSION = 4.0;
				TARGETED_DEVICE_FAMILY = "1,2";
			};
			name = Release;
		};
		9444E4CC1FACE94B004F539E /* Debug */ = {
			isa = XCBuildConfiguration;
			buildSettings = {
				BUNDLE_LOADER = "$(TEST_HOST)";
				CODE_SIGN_STYLE = Automatic;
				DEVELOPMENT_TEAM = DQWGFWD623;
				INFOPLIST_FILE = "window-shopperTests/Info.plist";
				LD_RUNPATH_SEARCH_PATHS = "$(inherited) @executable_path/Frameworks @loader_path/Frameworks";
				PRODUCT_BUNDLE_IDENTIFIER = "com.rmApps.window-shopperTests";
				PRODUCT_NAME = "$(TARGET_NAME)";
				SWIFT_VERSION = 4.0;
				TARGETED_DEVICE_FAMILY = "1,2";
				TEST_HOST = "$(BUILT_PRODUCTS_DIR)/window-shopper.app/window-shopper";
			};
			name = Debug;
		};
		9444E4CD1FACE94B004F539E /* Release */ = {
			isa = XCBuildConfiguration;
			buildSettings = {
				BUNDLE_LOADER = "$(TEST_HOST)";
				CODE_SIGN_STYLE = Automatic;
				DEVELOPMENT_TEAM = DQWGFWD623;
				INFOPLIST_FILE = "window-shopperTests/Info.plist";
				LD_RUNPATH_SEARCH_PATHS = "$(inherited) @executable_path/Frameworks @loader_path/Frameworks";
				PRODUCT_BUNDLE_IDENTIFIER = "com.rmApps.window-shopperTests";
				PRODUCT_NAME = "$(TARGET_NAME)";
				SWIFT_VERSION = 4.0;
				TARGETED_DEVICE_FAMILY = "1,2";
				TEST_HOST = "$(BUILT_PRODUCTS_DIR)/window-shopper.app/window-shopper";
			};
			name = Release;
		};
/* End XCBuildConfiguration section */

/* Begin XCConfigurationList section */
		9417AF911FACC9F800BF4667 /* Build configuration list for PBXProject "window-shopper" */ = {
			isa = XCConfigurationList;
			buildConfigurations = (
				9417AFA61FACC9F800BF4667 /* Debug */,
				9417AFA71FACC9F800BF4667 /* Release */,
			);
			defaultConfigurationIsVisible = 0;
			defaultConfigurationName = Release;
		};
		9417AFA81FACC9F800BF4667 /* Build configuration list for PBXNativeTarget "window-shopper" */ = {
			isa = XCConfigurationList;
			buildConfigurations = (
				9417AFA91FACC9F800BF4667 /* Debug */,
				9417AFAA1FACC9F800BF4667 /* Release */,
			);
			defaultConfigurationIsVisible = 0;
			defaultConfigurationName = Release;
		};
		9444E4CB1FACE94B004F539E /* Build configuration list for PBXNativeTarget "window-shopperTests" */ = {
			isa = XCConfigurationList;
			buildConfigurations = (
				9444E4CC1FACE94B004F539E /* Debug */,
				9444E4CD1FACE94B004F539E /* Release */,
			);
			defaultConfigurationIsVisible = 0;
			defaultConfigurationName = Release;
		};
/* End XCConfigurationList section */
	};
	rootObject = 9417AF8E1FACC9F800BF4667 /* Project object */;
}
